# This file is automatically @generated by Poetry 2.1.3 and should not be changed by hand.

[[package]]
name = "pyxel"
version = "2.4.1"
description = "A retro game engine for Python"
optional = false
python-versions = ">=3.8"
groups = ["main"]
files = [
    {file = "pyxel-2.4.1-cp38-abi3-macosx_10_12_x86_64.whl", hash = "sha256:2f8c076e77a72591c40f4cc0dcd9967ce7d44b9eb42642592d84f7fdf9366852"},
    {file = "pyxel-2.4.1-cp38-abi3-macosx_11_0_arm64.whl", hash = "sha256:ef6db368da110b38dca1f4d47ddf62fdac7099cb971aeb7a893d689c2c39f9d7"},
    {file = "pyxel-2.4.1-cp38-abi3-manylinux_2_17_aarch64.manylinux2014_aarch64.whl", hash = "sha256:1ef35576a758dd88a8a24517ef7f95a04fffe257692f0b3b6232fbe530d3440e"},
    {file = "pyxel-2.4.1-cp38-abi3-manylinux_2_17_armv7l.manylinux2014_armv7l.whl", hash = "sha256:377aa57078ede67cd4dbd23b684fba14fab030562898363dd1f28939ced5a40e"},
    {file = "pyxel-2.4.1-cp38-abi3-manylinux_2_17_i686.manylinux2014_i686.whl", hash = "sha256:d6de96d1cbfb4c14f8ef68c2e2c7e2090ccd2355942e48b151a8fe32dfe330c2"},
    {file = "pyxel-2.4.1-cp38-abi3-manylinux_2_17_x86_64.manylinux2014_x86_64.whl", hash = "sha256:8fc46909f67da2172ebac737fa240f3e36a7ecd5c3095643fcd3af5dddb29445"},
    {file = "pyxel-2.4.1-cp38-abi3-win32.whl", hash = "sha256:fd96bedf519b2c646f69e930cf22748908be19a5ac5e7f238e7ee347408b0f92"},
    {file = "pyxel-2.4.1-cp38-abi3-win_amd64.whl", hash = "sha256:e3a8a03a9a7ac38577b6ec95cf8a43690a4b90a82e40a94356a0f69adb0b50b5"},
]

[metadata]
lock-version = "2.1"
python-versions = "^3.8"
content-hash = "4107c06350b3afbf6a1284ae7190d24a698f877a27ba102cfbee48f0435bce38"
